
Microsoft Visual Studio Solution File, Format Version 12.00
# Visual Studio Version 17
VisualStudioVersion = 17.0.31903.59
MinimumVisualStudioVersion = 10.0.40219.1
Project("{2150E333-8FDC-42A3-9474-1A3956D46DE8}") = "API", "API", "{0DF32B49-EB39-4BD2-8F88-4AA36B57BA8A}"
EndProject
Project("{9A19103F-16F7-4668-BE54-9A1E7A4F7556}") = "Web", "API\Web\Web.csproj", "{6FE51C31-45AB-40C7-B0A8-3FD154182EE7}"
EndProject
Project("{9A19103F-16F7-4668-BE54-9A1E7A4F7556}") = "Infrastructure", "API\Infrastructure\Infrastructure.csproj", "{0062B52F-57C4-48C8-9825-EEF830BABAE2}"
EndProject
Project("{9A19103F-16F7-4668-BE54-9A1E7A4F7556}") = "ApplicationCore", "API\ApplicationCore\ApplicationCore.csproj", "{B5B61DE4-9393-4140-9B35-CEA108C156CF}"
EndProject
Project("{2150E333-8FDC-42A3-9474-1A3956D46DE8}") = "Tests", "Tests", "{DE0EEF96-6272-4B62-9F7F-E5CC23F454E6}"
EndProject
Project("{FAE04EC0-301F-11D3-BF4B-00C04F79EFBC}") = "UnitTests", "API\Tests\UnitTests\UnitTests.csproj", "{94F50B13-7669-421A-A6D1-011DAC6533F5}"
EndProject
Project("{FAE04EC0-301F-11D3-BF4B-00C04F79EFBC}") = "IntegrationTests", "API\Tests\IntegrationTests\IntegrationTests.csproj", "{CE8DBB6C-D4D4-42D5-9A18-708CCA8D4A74}"
EndProject
Global
	GlobalSection(SolutionConfigurationPlatforms) = preSolution
		Debug|Any CPU = Debug|Any CPU
		Release|Any CPU = Release|Any CPU
	EndGlobalSection
	GlobalSection(ProjectConfigurationPlatforms) = postSolution
		{6FE51C31-45AB-40C7-B0A8-3FD154182EE7}.Debug|Any CPU.ActiveCfg = Debug|Any CPU
		{6FE51C31-45AB-40C7-B0A8-3FD154182EE7}.Debug|Any CPU.Build.0 = Debug|Any CPU
		{6FE51C31-45AB-40C7-B0A8-3FD154182EE7}.Release|Any CPU.ActiveCfg = Release|Any CPU
		{6FE51C31-45AB-40C7-B0A8-3FD154182EE7}.Release|Any CPU.Build.0 = Release|Any CPU
		{0062B52F-57C4-48C8-9825-EEF830BABAE2}.Debug|Any CPU.ActiveCfg = Debug|Any CPU
		{0062B52F-57C4-48C8-9825-EEF830BABAE2}.Debug|Any CPU.Build.0 = Debug|Any CPU
		{0062B52F-57C4-48C8-9825-EEF830BABAE2}.Release|Any CPU.ActiveCfg = Release|Any CPU
		{0062B52F-57C4-48C8-9825-EEF830BABAE2}.Release|Any CPU.Build.0 = Release|Any CPU
		{B5B61DE4-9393-4140-9B35-CEA108C156CF}.Debug|Any CPU.ActiveCfg = Debug|Any CPU
		{B5B61DE4-9393-4140-9B35-CEA108C156CF}.Debug|Any CPU.Build.0 = Debug|Any CPU
		{B5B61DE4-9393-4140-9B35-CEA108C156CF}.Release|Any CPU.ActiveCfg = Release|Any CPU
		{B5B61DE4-9393-4140-9B35-CEA108C156CF}.Release|Any CPU.Build.0 = Release|Any CPU
		{94F50B13-7669-421A-A6D1-011DAC6533F5}.Debug|Any CPU.ActiveCfg = Debug|Any CPU
		{94F50B13-7669-421A-A6D1-011DAC6533F5}.Debug|Any CPU.Build.0 = Debug|Any CPU
		{94F50B13-7669-421A-A6D1-011DAC6533F5}.Release|Any CPU.ActiveCfg = Release|Any CPU
		{94F50B13-7669-421A-A6D1-011DAC6533F5}.Release|Any CPU.Build.0 = Release|Any CPU
		{CE8DBB6C-D4D4-42D5-9A18-708CCA8D4A74}.Debug|Any CPU.ActiveCfg = Debug|Any CPU
		{CE8DBB6C-D4D4-42D5-9A18-708CCA8D4A74}.Debug|Any CPU.Build.0 = Debug|Any CPU
		{CE8DBB6C-D4D4-42D5-9A18-708CCA8D4A74}.Release|Any CPU.ActiveCfg = Release|Any CPU
		{CE8DBB6C-D4D4-42D5-9A18-708CCA8D4A74}.Release|Any CPU.Build.0 = Release|Any CPU
	EndGlobalSection
	GlobalSection(SolutionProperties) = preSolution
		HideSolutionNode = FALSE
	EndGlobalSection
	GlobalSection(NestedProjects) = preSolution
		{6FE51C31-45AB-40C7-B0A8-3FD154182EE7} = {0DF32B49-EB39-4BD2-8F88-4AA36B57BA8A}
		{0062B52F-57C4-48C8-9825-EEF830BABAE2} = {0DF32B49-EB39-4BD2-8F88-4AA36B57BA8A}
		{B5B61DE4-9393-4140-9B35-CEA108C156CF} = {0DF32B49-EB39-4BD2-8F88-4AA36B57BA8A}
		{DE0EEF96-6272-4B62-9F7F-E5CC23F454E6} = {0DF32B49-EB39-4BD2-8F88-4AA36B57BA8A}
		{94F50B13-7669-421A-A6D1-011DAC6533F5} = {DE0EEF96-6272-4B62-9F7F-E5CC23F454E6}
		{CE8DBB6C-D4D4-42D5-9A18-708CCA8D4A74} = {DE0EEF96-6272-4B62-9F7F-E5CC23F454E6}
	EndGlobalSection
	GlobalSection(ExtensibilityGlobals) = postSolution
		SolutionGuid = {CD23B89B-F09C-47FA-9916-7A73777490B1}
	EndGlobalSection
EndGlobal
